// !$*UTF8*$!
{
	archiveVersion = 1;
	classes = {
	};
	objectVersion = 50;
	objects = {

/* Begin PBXBuildFile section */
		3B42E24424CB7D710017111F /* AppDelegate.swift in Sources */ = {isa = PBXBuildFile; fileRef = 3B42E24324CB7D710017111F /* AppDelegate.swift */; };
		3B42E24624CB7D710017111F /* SceneDelegate.swift in Sources */ = {isa = PBXBuildFile; fileRef = 3B42E24524CB7D710017111F /* SceneDelegate.swift */; };
		3B42E24824CB7D710017111F /* ContentView.swift in Sources */ = {isa = PBXBuildFile; fileRef = 3B42E24724CB7D710017111F /* ContentView.swift */; };
		3B42E24A24CB7D710017111F /* Assets.xcassets in Resources */ = {isa = PBXBuildFile; fileRef = 3B42E24924CB7D710017111F /* Assets.xcassets */; };
		3B42E24D24CB7D710017111F /* Preview Assets.xcassets in Resources */ = {isa = PBXBuildFile; fileRef = 3B42E24C24CB7D710017111F /* Preview Assets.xcassets */; };
		3B42E25024CB7D710017111F /* LaunchScreen.storyboard in Resources */ = {isa = PBXBuildFile; fileRef = 3B42E24E24CB7D710017111F /* LaunchScreen.storyboard */; };
/* End PBXBuildFile section */

/* Begin PBXFileReference section */
		3B42E24024CB7D710017111F /* Dribbble-3D-App.app */ = {isa = PBXFileReference; explicitFileType = wrapper.application; includeInIndex = 0; path = "Dribbble-3D-App.app"; sourceTree = BUILT_PRODUCTS_DIR; };
		3B42E24324CB7D710017111F /* AppDelegate.swift */ = {isa = PBXFileReference; lastKnownFileType = sourcecode.swift; path = AppDelegate.swift; sourceTree = "<group>"; };
		3B42E24524CB7D710017111F /* SceneDelegate.swift */ = {isa = PBXFileReference; lastKnownFileType = sourcecode.swift; path = SceneDelegate.swift; sourceTree = "<group>"; };
		3B42E24724CB7D710017111F /* ContentView.swift */ = {isa = PBXFileReference; lastKnownFileType = sourcecode.swift; path = ContentView.swift; sourceTree = "<group>"; };
		3B42E24924CB7D710017111F /* Assets.xcassets */ = {isa = PBXFileReference; lastKnownFileType = folder.assetcatalog; path = Assets.xcassets; sourceTree = "<group>"; };
		3B42E24C24CB7D710017111F /* Preview Assets.xcassets */ = {isa = PBXFileReference; lastKnownFileType = folder.assetcatalog; path = "Preview Assets.xcassets"; sourceTree = "<group>"; };
		3B42E24F24CB7D710017111F /* Base */ = {isa = PBXFileReference; lastKnownFileType = file.storyboard; name = Base; path = Base.lproj/LaunchScreen.storyboard; sourceTree = "<group>"; };
		3B42E25124CB7D710017111F /* Info.plist */ = {isa = PBXFileReference; lastKnownFileType = text.plist.xml; path = Info.plist; sourceTree = "<group>"; };
/* End PBXFileReference section */

/* Begin PBXFrameworksBuildPhase section */
		3B42E23D24CB7D710017111F /* Frameworks */ = {
			isa = PBXFrameworksBuildPhase;
			buildActionMask = 2147483647;
			files = (
			);
			runOnlyForDeploymentPostprocessing = 0;
		};
/* End PBXFrameworksBuildPhase section */

/* Begin PBXGroup section */
		3B42E23724CB7D710017111F = {
			isa = PBXGroup;
			children = (
				3B42E24224CB7D710017111F /* Dribbble-3D-App */,
				3B42E24124CB7D710017111F /* Products */,
			);
			sourceTree = "<group>";
		};
		3B42E24124CB7D710017111F /* Products */ = {
			isa = PBXGroup;
			children = (
				3B42E24024CB7D710017111F /* Dribbble-3D-App.app */,
			);
			name = Products;
			sourceTree = "<group>";
		};
		3B42E24224CB7D710017111F /* Dribbble-3D-App */ = {
			isa = PBXGroup;
			children = (
				3B42E24324CB7D710017111F /* AppDelegate.swift */,
				3B42E24524CB7D710017111F /* SceneDelegate.swift */,
				3B42E24724CB7D710017111F /* ContentView.swift */,
				3B42E24924CB7D710017111F /* Assets.xcassets */,
				3B42E24E24CB7D710017111F /* LaunchScreen.storyboard */,
				3B42E25124CB7D710017111F /* Info.plist */,
				3B42E24B24CB7D710017111F /* Preview Content */,
			);
			path = "Dribbble-3D-App";
			sourceTree = "<group>";
		};
		3B42E24B24CB7D710017111F /* Preview Content */ = {
			isa = PBXGroup;
			children = (
				3B42E24C24CB7D710017111F /* Preview Assets.xcassets */,
			);
			path = "Preview Content";
			sourceTree = "<group>";
		};
/* End PBXGroup section */

/* Begin PBXNativeTarget section */
		3B42E23F24CB7D710017111F /* Dribbble-3D-App */ = {
			isa = PBXNativeTarget;
			buildConfigurationList = 3B42E25424CB7D710017111F /* Build configuration list for PBXNativeTarget "Dribbble-3D-App" */;
			buildPhases = (
				3B42E23C24CB7D710017111F /* Sources */,
				3B42E23D24CB7D710017111F /* Frameworks */,
				3B42E23E24CB7D710017111F /* Resources */,
			);
			buildRules = (
			);
			dependencies = (
			);
			name = "Dribbble-3D-App";
			productName = "Dribbble-3D-App";
			productReference = 3B42E24024CB7D710017111F /* Dribbble-3D-App.app */;
			productType = "com.apple.product-type.application";
		};
/* End PBXNativeTarget section */

/* Begin PBXProject section */
		3B42E23824CB7D710017111F /* Project object */ = {
			isa = PBXProject;
			attributes = {
				LastSwiftUpdateCheck = 1160;
				LastUpgradeCheck = 1160;
				ORGANIZATIONNAME = "Rich Kummer";
				TargetAttributes = {
					3B42E23F24CB7D710017111F = {
						CreatedOnToolsVersion = 11.6;
					};
				};
			};
			buildConfigurationList = 3B42E23B24CB7D710017111F /* Build configuration list for PBXProject "Dribbble-3D-App" */;
			compatibilityVersion = "Xcode 9.3";
			developmentRegion = en;
			hasScannedForEncodings = 0;
			knownRegions = (
				en,
				Base,
			);
			mainGroup = 3B42E23724CB7D710017111F;
			productRefGroup = 3B42E24124CB7D710017111F /* Products */;
			projectDirPath = "";
			projectRoot = "";
			targets = (
				3B42E23F24CB7D710017111F /* Dribbble-3D-App */,
			);
		};
/* End PBXProject section */

/* Begin PBXResourcesBuildPhase section */
		3B42E23E24CB7D710017111F /* Resources */ = {
			isa = PBXResourcesBuildPhase;
			buildActionMask = 2147483647;
			files = (
				3B42E25024CB7D710017111F /* LaunchScreen.storyboard in Resources */,
				3B42E24D24CB7D710017111F /* Preview Assets.xcassets in Resources */,
				3B42E24A24CB7D710017111F /* Assets.xcassets in Resources */,
			);
			runOnlyForDeploymentPostprocessing = 0;
		};
/* End PBXResourcesBuildPhase section */

/* Begin PBXSourcesBuildPhase section */
		3B42E23C24CB7D710017111F /* Sources */ = {
			isa = PBXSourcesBuildPhase;
			buildActionMask = 2147483647;
			files = (
				3B42E24424CB7D710017111F /* AppDelegate.swift in Sources */,
				3B42E24624CB7D710017111F /* SceneDelegate.swift in Sources */,
				3B42E24824CB7D710017111F /* ContentView.swift in Sources */,
			);
			runOnlyForDeploymentPostprocessing = 0;
		};
/* End PBXSourcesBuildPhase section */

/* Begin PBXVariantGroup section */
		3B42E24E24CB7D710017111F /* LaunchScreen.storyboard */ = {
			isa = PBXVariantGroup;
			children = (
				3B42E24F24CB7D710017111F /* Base */,
			);
			name = LaunchScreen.storyboard;
			sourceTree = "<group>";
		};
/* End PBXVariantGroup section */

/* Begin XCBuildConfiguration section */
		3B42E25224CB7D710017111F /* Debug */ = {
			isa = XCBuildConfiguration;
			buildSettings = {
				ALWAYS_SEARCH_USER_PATHS = NO;
				CLANG_ANALYZER_NONNULL = YES;
				CLANG_ANALYZER_NUMBER_OBJECT_CONVERSION = YES_AGGRESSIVE;
				CLANG_CXX_LANGUAGE_STANDARD = "gnu++14";
				CLANG_CXX_LIBRARY = "libc++";
				CLANG_ENABLE_MODULES = YES;
				CLANG_ENABLE_OBJC_ARC = YES;
				CLANG_ENABLE_OBJC_WEAK = YES;
				CLANG_WARN_BLOCK_CAPTURE_AUTORELEASING = YES;
				CLANG_WARN_BOOL_CONVERSION = YES;
				CLANG_WARN_COMMA = YES;
				CLANG_WARN_CONSTANT_CONVERSION = YES;
				CLANG_WARN_DEPRECATED_OBJC_IMPLEMENTATIONS = YES;
				CLANG_WARN_DIRECT_OBJC_ISA_USAGE = YES_ERROR;
				CLANG_WARN_DOCUMENTATION_COMMENTS = YES;
				CLANG_WARN_EMPTY_BODY = YES;
				CLANG_WARN_ENUM_CONVERSION = YES;
				CLANG_WARN_INFINITE_RECURSION = YES;
				CLANG_WARN_INT_CONVERSION = YES;
				CLANG_WARN_NON_LITERAL_NULL_CONVERSION = YES;
				CLANG_WARN_OBJC_IMPLICIT_RETAIN_SELF = YES;
				CLANG_WARN_OBJC_LITERAL_CONVERSION = YES;
				CLANG_WARN_OBJC_ROOT_CLASS = YES_ERROR;
				CLANG_WARN_RANGE_LOOP_ANALYSIS = YES;
				CLANG_WARN_STRICT_PROTOTYPES = YES;
				CLANG_WARN_SUSPICIOUS_MOVE = YES;
				CLANG_WARN_UNGUARDED_AVAILABILITY = YES_AGGRESSIVE;
				CLANG_WARN_UNREACHABLE_CODE = YES;
				CLANG_WARN__DUPLICATE_METHOD_MATCH = YES;
				COPY_PHASE_STRIP = NO;
				DEBUG_INFORMATION_FORMAT = dwarf;
				ENABLE_STRICT_OBJC_MSGSEND = YES;
				ENABLE_TESTABILITY = YES;
				GCC_C_LANGUAGE_STANDARD = gnu11;
				GCC_DYNAMIC_NO_PIC = NO;
				GCC_NO_COMMON_BLOCKS = YES;
				GCC_OPTIMIZATION_LEVEL = 0;
				GCC_PREPROCESSOR_DEFINITIONS = (
					"DEBUG=1",
					"$(inherited)",
				);
				GCC_WARN_64_TO_32_BIT_CONVERSION = YES;
				GCC_WARN_ABOUT_RETURN_TYPE = YES_ERROR;
				GCC_WARN_UNDECLARED_SELECTOR = YES;
				GCC_WARN_UNINITIALIZED_AUTOS = YES_AGGRESSIVE;
				GCC_WARN_UNUSED_FUNCTION = YES;
				GCC_WARN_UNUSED_VARIABLE = YES;
				IPHONEOS_DEPLOYMENT_TARGET = 13.6;
				MTL_ENABLE_DEBUG_INFO = INCLUDE_SOURCE;
				MTL_FAST_MATH = YES;
				ONLY_ACTIVE_ARCH = YES;
				SDKROOT = iphoneos;
				SWIFT_ACTIVE_COMPILATION_CONDITIONS = DEBUG;
				SWIFT_OPTIMIZATION_LEVEL = "-Onone";
			};
			name = Debug;
		};
		3B42E25324CB7D710017111F /* Release */ = {
			isa = XCBuildConfiguration;
			buildSettings = {
				ALWAYS_SEARCH_USER_PATHS = NO;
				CLANG_ANALYZER_NONNULL = YES;
				CLANG_ANALYZER_NUMBER_OBJECT_CONVERSION = YES_AGGRESSIVE;
				CLANG_CXX_LANGUAGE_STANDARD = "gnu++14";
				CLANG_CXX_LIBRARY = "libc++";
				CLANG_ENABLE_MODULES = YES;
				CLANG_ENABLE_OBJC_ARC = YES;
				CLANG_ENABLE_OBJC_WEAK = YES;
				CLANG_WARN_BLOCK_CAPTURE_AUTORELEASING = YES;
				CLANG_WARN_BOOL_CONVERSION = YES;
				CLANG_WARN_COMMA = YES;
				CLANG_WARN_CONSTANT_CONVERSION = YES;
				CLANG_WARN_DEPRECATED_OBJC_IMPLEMENTATIONS = YES;
				CLANG_WARN_DIRECT_OBJC_ISA_USAGE = YES_ERROR;
				CLANG_WARN_DOCUMENTATION_COMMENTS = YES;
				CLANG_WARN_EMPTY_BODY = YES;
				CLANG_WARN_ENUM_CONVERSION = YES;
				CLANG_WARN_INFINITE_RECURSION = YES;
				CLANG_WARN_INT_CONVERSION = YES;
				CLANG_WARN_NON_LITERAL_NULL_CONVERSION = YES;
				CLANG_WARN_OBJC_IMPLICIT_RETAIN_SELF = YES;
				CLANG_WARN_OBJC_LITERAL_CONVERSION = YES;
				CLANG_WARN_OBJC_ROOT_CLASS = YES_ERROR;
				CLANG_WARN_RANGE_LOOP_ANALYSIS = YES;
				CLANG_WARN_STRICT_PROTOTYPES = YES;
				CLANG_WARN_SUSPICIOUS_MOVE = YES;
				CLANG_WARN_UNGUARDED_AVAILABILITY = YES_AGGRESSIVE;
				CLANG_WARN_UNREACHABLE_CODE = YES;
				CLANG_WARN__DUPLICATE_METHOD_MATCH = YES;
				COPY_PHASE_STRIP = NO;
				DEBUG_INFORMATION_FORMAT = "dwarf-with-dsym";
				ENABLE_NS_ASSERTIONS = NO;
				ENABLE_STRICT_OBJC_MSGSEND = YES;
				GCC_C_LANGUAGE_STANDARD = gnu11;
				GCC_NO_COMMON_BLOCKS = YES;
				GCC_WARN_64_TO_32_BIT_CONVERSION = YES;
				GCC_WARN_ABOUT_RETURN_TYPE = YES_ERROR;
				GCC_WARN_UNDECLARED_SELECTOR = YES;
				GCC_WARN_UNINITIALIZED_AUTOS = YES_AGGRESSIVE;
				GCC_WARN_UNUSED_FUNCTION = YES;
				GCC_WARN_UNUSED_VARIABLE = YES;
				IPHONEOS_DEPLOYMENT_TARGET = 13.6;
				MTL_ENABLE_DEBUG_INFO = NO;
				MTL_FAST_MATH = YES;
				SDKROOT = iphoneos;
				SWIFT_COMPILATION_MODE = wholemodule;
				SWIFT_OPTIMIZATION_LEVEL = "-O";
				VALIDATE_PRODUCT = YES;
			};
			name = Release;
		};
		3B42E25524CB7D710017111F /* Debug */ = {
			isa = XCBuildConfiguration;
			buildSettings = {
				ASSETCATALOG_COMPILER_APPICON_NAME = AppIcon;
				CODE_SIGN_STYLE = Automatic;
				DEVELOPMENT_ASSET_PATHS = "\"Dribbble-3D-App/Preview Content\"";
				DEVELOPMENT_TEAM = 3S9YUH3JW6;
				ENABLE_PREVIEWS = YES;
				INFOPLIST_FILE = "Dribbble-3D-App/Info.plist";
				LD_RUNPATH_SEARCH_PATHS = (
					"$(inherited)",
					"@executable_path/Frameworks",
				);
				PRODUCT_BUNDLE_IDENTIFIER = "com.Esperdyne.Dribbble-3D-App";
				PRODUCT_NAME = "$(TARGET_NAME)";
				SWIFT_VERSION = 5.0;
				TARGETED_DEVICE_FAMILY = "1,2";
			};
			name = Debug;
		};
		3B42E25624CB7D710017111F /* Release */ = {
			isa = XCBuildConfiguration;
			buildSettings = {
				ASSETCATALOG_COMPILER_APPICON_NAME = AppIcon;
				CODE_SIGN_STYLE = Automatic;
				DEVELOPMENT_ASSET_PATHS = "\"Dribbble-3D-App/Preview Content\"";
				DEVELOPMENT_TEAM = 3S9YUH3JW6;
				ENABLE_PREVIEWS = YES;
				INFOPLIST_FILE = "Dribbble-3D-App/Info.plist";
				LD_RUNPATH_SEARCH_PATHS = (
					"$(inherited)",
					"@executable_path/Frameworks",
				);
				PRODUCT_BUNDLE_IDENTIFIER = "com.Esperdyne.Dribbble-3D-App";
				PRODUCT_NAME = "$(TARGET_NAME)";
				SWIFT_VERSION = 5.0;
				TARGETED_DEVICE_FAMILY = "1,2";
			};
			name = Release;
		};
/* End XCBuildConfiguration section */

/* Begin XCConfigurationList section */
		3B42E23B24CB7D710017111F /* Build configuration list for PBXProject "Dribbble-3D-App" */ = {
			isa = XCConfigurationList;
			buildConfigurations = (
				3B42E25224CB7D710017111F /* Debug */,
				3B42E25324CB7D710017111F /* Release */,
			);
			defaultConfigurationIsVisible = 0;
			defaultConfigurationName = Release;
		};
		3B42E25424CB7D710017111F /* Build configuration list for PBXNativeTarget "Dribbble-3D-App" */ = {
			isa = XCConfigurationList;
			buildConfigurations = (
				3B42E25524CB7D710017111F /* Debug */,
				3B42E25624CB7D710017111F /* Release */,
			);
			defaultConfigurationIsVisible = 0;
			defaultConfigurationName = Release;
		};
/* End XCConfigurationList section */
	};
	rootObject = 3B42E23824CB7D710017111F /* Project object */;
}
