// !$*UTF8*$!
{
	archiveVersion = 1;
	classes = {
	};
	objectVersion = 50;
	objects = {

/* Begin PBXBuildFile section */
		3BF61A96250C15C500221BFD /* Smart_ThermostatApp.swift in Sources */ = {isa = PBXBuildFile; fileRef = 3BF61A95250C15C500221BFD /* Smart_ThermostatApp.swift */; };
		3BF61A98250C15C500221BFD /* ContentView.swift in Sources */ = {isa = PBXBuildFile; fileRef = 3BF61A97250C15C500221BFD /* ContentView.swift */; };
		3BF61A9A250C15C600221BFD /* Assets.xcassets in Resources */ = {isa = PBXBuildFile; fileRef = 3BF61A99250C15C600221BFD /* Assets.xcassets */; };
		3BF61A9D250C15C600221BFD /* Preview Assets.xcassets in Resources */ = {isa = PBXBuildFile; fileRef = 3BF61A9C250C15C600221BFD /* Preview Assets.xcassets */; };
		3BF61AA8250C15C600221BFD /* Smart_ThermostatTests.swift in Sources */ = {isa = PBXBuildFile; fileRef = 3BF61AA7250C15C600221BFD /* Smart_ThermostatTests.swift */; };
		3BF61AB3250C15C600221BFD /* Smart_ThermostatUITests.swift in Sources */ = {isa = PBXBuildFile; fileRef = 3BF61AB2250C15C600221BFD /* Smart_ThermostatUITests.swift */; };
		3BF61AC1250C15E400221BFD /* Header.swift in Sources */ = {isa = PBXBuildFile; fileRef = 3BF61AC0250C15E400221BFD /* Header.swift */; };
		3BF61AC3250C18B100221BFD /* LivingRoom.swift in Sources */ = {isa = PBXBuildFile; fileRef = 3BF61AC2250C18B100221BFD /* LivingRoom.swift */; };
		3BF61AC5250C1DD300221BFD /* LivingRoomCard.swift in Sources */ = {isa = PBXBuildFile; fileRef = 3BF61AC4250C1DD300221BFD /* LivingRoomCard.swift */; };
/* End PBXBuildFile section */

/* Begin PBXContainerItemProxy section */
		3BF61AA4250C15C600221BFD /* PBXContainerItemProxy */ = {
			isa = PBXContainerItemProxy;
			containerPortal = 3BF61A8A250C15C500221BFD /* Project object */;
			proxyType = 1;
			remoteGlobalIDString = 3BF61A91250C15C500221BFD;
			remoteInfo = "Smart-Thermostat";
		};
		3BF61AAF250C15C600221BFD /* PBXContainerItemProxy */ = {
			isa = PBXContainerItemProxy;
			containerPortal = 3BF61A8A250C15C500221BFD /* Project object */;
			proxyType = 1;
			remoteGlobalIDString = 3BF61A91250C15C500221BFD;
			remoteInfo = "Smart-Thermostat";
		};
/* End PBXContainerItemProxy section */

/* Begin PBXFileReference section */
		3BF61A92250C15C500221BFD /* Smart-Thermostat.app */ = {isa = PBXFileReference; explicitFileType = wrapper.application; includeInIndex = 0; path = "Smart-Thermostat.app"; sourceTree = BUILT_PRODUCTS_DIR; };
		3BF61A95250C15C500221BFD /* Smart_ThermostatApp.swift */ = {isa = PBXFileReference; lastKnownFileType = sourcecode.swift; path = Smart_ThermostatApp.swift; sourceTree = "<group>"; };
		3BF61A97250C15C500221BFD /* ContentView.swift */ = {isa = PBXFileReference; lastKnownFileType = sourcecode.swift; path = ContentView.swift; sourceTree = "<group>"; };
		3BF61A99250C15C600221BFD /* Assets.xcassets */ = {isa = PBXFileReference; lastKnownFileType = folder.assetcatalog; path = Assets.xcassets; sourceTree = "<group>"; };
		3BF61A9C250C15C600221BFD /* Preview Assets.xcassets */ = {isa = PBXFileReference; lastKnownFileType = folder.assetcatalog; path = "Preview Assets.xcassets"; sourceTree = "<group>"; };
		3BF61A9E250C15C600221BFD /* Info.plist */ = {isa = PBXFileReference; lastKnownFileType = text.plist.xml; path = Info.plist; sourceTree = "<group>"; };
		3BF61AA3250C15C600221BFD /* Smart-ThermostatTests.xctest */ = {isa = PBXFileReference; explicitFileType = wrapper.cfbundle; includeInIndex = 0; path = "Smart-ThermostatTests.xctest"; sourceTree = BUILT_PRODUCTS_DIR; };
		3BF61AA7250C15C600221BFD /* Smart_ThermostatTests.swift */ = {isa = PBXFileReference; lastKnownFileType = sourcecode.swift; path = Smart_ThermostatTests.swift; sourceTree = "<group>"; };
		3BF61AA9250C15C600221BFD /* Info.plist */ = {isa = PBXFileReference; lastKnownFileType = text.plist.xml; path = Info.plist; sourceTree = "<group>"; };
		3BF61AAE250C15C600221BFD /* Smart-ThermostatUITests.xctest */ = {isa = PBXFileReference; explicitFileType = wrapper.cfbundle; includeInIndex = 0; path = "Smart-ThermostatUITests.xctest"; sourceTree = BUILT_PRODUCTS_DIR; };
		3BF61AB2250C15C600221BFD /* Smart_ThermostatUITests.swift */ = {isa = PBXFileReference; lastKnownFileType = sourcecode.swift; path = Smart_ThermostatUITests.swift; sourceTree = "<group>"; };
		3BF61AB4250C15C600221BFD /* Info.plist */ = {isa = PBXFileReference; lastKnownFileType = text.plist.xml; path = Info.plist; sourceTree = "<group>"; };
		3BF61AC0250C15E400221BFD /* Header.swift */ = {isa = PBXFileReference; lastKnownFileType = sourcecode.swift; path = Header.swift; sourceTree = "<group>"; };
		3BF61AC2250C18B100221BFD /* LivingRoom.swift */ = {isa = PBXFileReference; lastKnownFileType = sourcecode.swift; path = LivingRoom.swift; sourceTree = "<group>"; };
		3BF61AC4250C1DD300221BFD /* LivingRoomCard.swift */ = {isa = PBXFileReference; lastKnownFileType = sourcecode.swift; path = LivingRoomCard.swift; sourceTree = "<group>"; };
/* End PBXFileReference section */

/* Begin PBXFrameworksBuildPhase section */
		3BF61A8F250C15C500221BFD /* Frameworks */ = {
			isa = PBXFrameworksBuildPhase;
			buildActionMask = 2147483647;
			files = (
			);
			runOnlyForDeploymentPostprocessing = 0;
		};
		3BF61AA0250C15C600221BFD /* Frameworks */ = {
			isa = PBXFrameworksBuildPhase;
			buildActionMask = 2147483647;
			files = (
			);
			runOnlyForDeploymentPostprocessing = 0;
		};
		3BF61AAB250C15C600221BFD /* Frameworks */ = {
			isa = PBXFrameworksBuildPhase;
			buildActionMask = 2147483647;
			files = (
			);
			runOnlyForDeploymentPostprocessing = 0;
		};
/* End PBXFrameworksBuildPhase section */

/* Begin PBXGroup section */
		3BF61A89250C15C500221BFD = {
			isa = PBXGroup;
			children = (
				3BF61A94250C15C500221BFD /* Smart-Thermostat */,
				3BF61AA6250C15C600221BFD /* Smart-ThermostatTests */,
				3BF61AB1250C15C600221BFD /* Smart-ThermostatUITests */,
				3BF61A93250C15C500221BFD /* Products */,
			);
			sourceTree = "<group>";
		};
		3BF61A93250C15C500221BFD /* Products */ = {
			isa = PBXGroup;
			children = (
				3BF61A92250C15C500221BFD /* Smart-Thermostat.app */,
				3BF61AA3250C15C600221BFD /* Smart-ThermostatTests.xctest */,
				3BF61AAE250C15C600221BFD /* Smart-ThermostatUITests.xctest */,
			);
			name = Products;
			sourceTree = "<group>";
		};
		3BF61A94250C15C500221BFD /* Smart-Thermostat */ = {
			isa = PBXGroup;
			children = (
				3BF61A95250C15C500221BFD /* Smart_ThermostatApp.swift */,
				3BF61A97250C15C500221BFD /* ContentView.swift */,
				3BF61AC4250C1DD300221BFD /* LivingRoomCard.swift */,
				3BF61AC2250C18B100221BFD /* LivingRoom.swift */,
				3BF61AC0250C15E400221BFD /* Header.swift */,
				3BF61A99250C15C600221BFD /* Assets.xcassets */,
				3BF61A9E250C15C600221BFD /* Info.plist */,
				3BF61A9B250C15C600221BFD /* Preview Content */,
			);
			path = "Smart-Thermostat";
			sourceTree = "<group>";
		};
		3BF61A9B250C15C600221BFD /* Preview Content */ = {
			isa = PBXGroup;
			children = (
				3BF61A9C250C15C600221BFD /* Preview Assets.xcassets */,
			);
			path = "Preview Content";
			sourceTree = "<group>";
		};
		3BF61AA6250C15C600221BFD /* Smart-ThermostatTests */ = {
			isa = PBXGroup;
			children = (
				3BF61AA7250C15C600221BFD /* Smart_ThermostatTests.swift */,
				3BF61AA9250C15C600221BFD /* Info.plist */,
			);
			path = "Smart-ThermostatTests";
			sourceTree = "<group>";
		};
		3BF61AB1250C15C600221BFD /* Smart-ThermostatUITests */ = {
			isa = PBXGroup;
			children = (
				3BF61AB2250C15C600221BFD /* Smart_ThermostatUITests.swift */,
				3BF61AB4250C15C600221BFD /* Info.plist */,
			);
			path = "Smart-ThermostatUITests";
			sourceTree = "<group>";
		};
/* End PBXGroup section */

/* Begin PBXNativeTarget section */
		3BF61A91250C15C500221BFD /* Smart-Thermostat */ = {
			isa = PBXNativeTarget;
			buildConfigurationList = 3BF61AB7250C15C600221BFD /* Build configuration list for PBXNativeTarget "Smart-Thermostat" */;
			buildPhases = (
				3BF61A8E250C15C500221BFD /* Sources */,
				3BF61A8F250C15C500221BFD /* Frameworks */,
				3BF61A90250C15C500221BFD /* Resources */,
			);
			buildRules = (
			);
			dependencies = (
			);
			name = "Smart-Thermostat";
			productName = "Smart-Thermostat";
			productReference = 3BF61A92250C15C500221BFD /* Smart-Thermostat.app */;
			productType = "com.apple.product-type.application";
		};
		3BF61AA2250C15C600221BFD /* Smart-ThermostatTests */ = {
			isa = PBXNativeTarget;
			buildConfigurationList = 3BF61ABA250C15C600221BFD /* Build configuration list for PBXNativeTarget "Smart-ThermostatTests" */;
			buildPhases = (
				3BF61A9F250C15C600221BFD /* Sources */,
				3BF61AA0250C15C600221BFD /* Frameworks */,
				3BF61AA1250C15C600221BFD /* Resources */,
			);
			buildRules = (
			);
			dependencies = (
				3BF61AA5250C15C600221BFD /* PBXTargetDependency */,
			);
			name = "Smart-ThermostatTests";
			productName = "Smart-ThermostatTests";
			productReference = 3BF61AA3250C15C600221BFD /* Smart-ThermostatTests.xctest */;
			productType = "com.apple.product-type.bundle.unit-test";
		};
		3BF61AAD250C15C600221BFD /* Smart-ThermostatUITests */ = {
			isa = PBXNativeTarget;
			buildConfigurationList = 3BF61ABD250C15C600221BFD /* Build configuration list for PBXNativeTarget "Smart-ThermostatUITests" */;
			buildPhases = (
				3BF61AAA250C15C600221BFD /* Sources */,
				3BF61AAB250C15C600221BFD /* Frameworks */,
				3BF61AAC250C15C600221BFD /* Resources */,
			);
			buildRules = (
			);
			dependencies = (
				3BF61AB0250C15C600221BFD /* PBXTargetDependency */,
			);
			name = "Smart-ThermostatUITests";
			productName = "Smart-ThermostatUITests";
			productReference = 3BF61AAE250C15C600221BFD /* Smart-ThermostatUITests.xctest */;
			productType = "com.apple.product-type.bundle.ui-testing";
		};
/* End PBXNativeTarget section */

/* Begin PBXProject section */
		3BF61A8A250C15C500221BFD /* Project object */ = {
			isa = PBXProject;
			attributes = {
				LastSwiftUpdateCheck = 1200;
				LastUpgradeCheck = 1200;
				TargetAttributes = {
					3BF61A91250C15C500221BFD = {
						CreatedOnToolsVersion = 12.0;
					};
					3BF61AA2250C15C600221BFD = {
						CreatedOnToolsVersion = 12.0;
						TestTargetID = 3BF61A91250C15C500221BFD;
					};
					3BF61AAD250C15C600221BFD = {
						CreatedOnToolsVersion = 12.0;
						TestTargetID = 3BF61A91250C15C500221BFD;
					};
				};
			};
			buildConfigurationList = 3BF61A8D250C15C500221BFD /* Build configuration list for PBXProject "Smart-Thermostat" */;
			compatibilityVersion = "Xcode 9.3";
			developmentRegion = en;
			hasScannedForEncodings = 0;
			knownRegions = (
				en,
				Base,
			);
			mainGroup = 3BF61A89250C15C500221BFD;
			productRefGroup = 3BF61A93250C15C500221BFD /* Products */;
			projectDirPath = "";
			projectRoot = "";
			targets = (
				3BF61A91250C15C500221BFD /* Smart-Thermostat */,
				3BF61AA2250C15C600221BFD /* Smart-ThermostatTests */,
				3BF61AAD250C15C600221BFD /* Smart-ThermostatUITests */,
			);
		};
/* End PBXProject section */

/* Begin PBXResourcesBuildPhase section */
		3BF61A90250C15C500221BFD /* Resources */ = {
			isa = PBXResourcesBuildPhase;
			buildActionMask = 2147483647;
			files = (
				3BF61A9D250C15C600221BFD /* Preview Assets.xcassets in Resources */,
				3BF61A9A250C15C600221BFD /* Assets.xcassets in Resources */,
			);
			runOnlyForDeploymentPostprocessing = 0;
		};
		3BF61AA1250C15C600221BFD /* Resources */ = {
			isa = PBXResourcesBuildPhase;
			buildActionMask = 2147483647;
			files = (
			);
			runOnlyForDeploymentPostprocessing = 0;
		};
		3BF61AAC250C15C600221BFD /* Resources */ = {
			isa = PBXResourcesBuildPhase;
			buildActionMask = 2147483647;
			files = (
			);
			runOnlyForDeploymentPostprocessing = 0;
		};
/* End PBXResourcesBuildPhase section */

/* Begin PBXSourcesBuildPhase section */
		3BF61A8E250C15C500221BFD /* Sources */ = {
			isa = PBXSourcesBuildPhase;
			buildActionMask = 2147483647;
			files = (
				3BF61A98250C15C500221BFD /* ContentView.swift in Sources */,
				3BF61AC5250C1DD300221BFD /* LivingRoomCard.swift in Sources */,
				3BF61AC3250C18B100221BFD /* LivingRoom.swift in Sources */,
				3BF61AC1250C15E400221BFD /* Header.swift in Sources */,
				3BF61A96250C15C500221BFD /* Smart_ThermostatApp.swift in Sources */,
			);
			runOnlyForDeploymentPostprocessing = 0;
		};
		3BF61A9F250C15C600221BFD /* Sources */ = {
			isa = PBXSourcesBuildPhase;
			buildActionMask = 2147483647;
			files = (
				3BF61AA8250C15C600221BFD /* Smart_ThermostatTests.swift in Sources */,
			);
			runOnlyForDeploymentPostprocessing = 0;
		};
		3BF61AAA250C15C600221BFD /* Sources */ = {
			isa = PBXSourcesBuildPhase;
			buildActionMask = 2147483647;
			files = (
				3BF61AB3250C15C600221BFD /* Smart_ThermostatUITests.swift in Sources */,
			);
			runOnlyForDeploymentPostprocessing = 0;
		};
/* End PBXSourcesBuildPhase section */

/* Begin PBXTargetDependency section */
		3BF61AA5250C15C600221BFD /* PBXTargetDependency */ = {
			isa = PBXTargetDependency;
			target = 3BF61A91250C15C500221BFD /* Smart-Thermostat */;
			targetProxy = 3BF61AA4250C15C600221BFD /* PBXContainerItemProxy */;
		};
		3BF61AB0250C15C600221BFD /* PBXTargetDependency */ = {
			isa = PBXTargetDependency;
			target = 3BF61A91250C15C500221BFD /* Smart-Thermostat */;
			targetProxy = 3BF61AAF250C15C600221BFD /* PBXContainerItemProxy */;
		};
/* End PBXTargetDependency section */

/* Begin XCBuildConfiguration section */
		3BF61AB5250C15C600221BFD /* Debug */ = {
			isa = XCBuildConfiguration;
			buildSettings = {
				ALWAYS_SEARCH_USER_PATHS = NO;
				CLANG_ANALYZER_NONNULL = YES;
				CLANG_ANALYZER_NUMBER_OBJECT_CONVERSION = YES_AGGRESSIVE;
				CLANG_CXX_LANGUAGE_STANDARD = "gnu++14";
				CLANG_CXX_LIBRARY = "libc++";
				CLANG_ENABLE_MODULES = YES;
				CLANG_ENABLE_OBJC_ARC = YES;
				CLANG_ENABLE_OBJC_WEAK = YES;
				CLANG_WARN_BLOCK_CAPTURE_AUTORELEASING = YES;
				CLANG_WARN_BOOL_CONVERSION = YES;
				CLANG_WARN_COMMA = YES;
				CLANG_WARN_CONSTANT_CONVERSION = YES;
				CLANG_WARN_DEPRECATED_OBJC_IMPLEMENTATIONS = YES;
				CLANG_WARN_DIRECT_OBJC_ISA_USAGE = YES_ERROR;
				CLANG_WARN_DOCUMENTATION_COMMENTS = YES;
				CLANG_WARN_EMPTY_BODY = YES;
				CLANG_WARN_ENUM_CONVERSION = YES;
				CLANG_WARN_INFINITE_RECURSION = YES;
				CLANG_WARN_INT_CONVERSION = YES;
				CLANG_WARN_NON_LITERAL_NULL_CONVERSION = YES;
				CLANG_WARN_OBJC_IMPLICIT_RETAIN_SELF = YES;
				CLANG_WARN_OBJC_LITERAL_CONVERSION = YES;
				CLANG_WARN_OBJC_ROOT_CLASS = YES_ERROR;
				CLANG_WARN_QUOTED_INCLUDE_IN_FRAMEWORK_HEADER = YES;
				CLANG_WARN_RANGE_LOOP_ANALYSIS = YES;
				CLANG_WARN_STRICT_PROTOTYPES = YES;
				CLANG_WARN_SUSPICIOUS_MOVE = YES;
				CLANG_WARN_UNGUARDED_AVAILABILITY = YES_AGGRESSIVE;
				CLANG_WARN_UNREACHABLE_CODE = YES;
				CLANG_WARN__DUPLICATE_METHOD_MATCH = YES;
				COPY_PHASE_STRIP = NO;
				DEBUG_INFORMATION_FORMAT = dwarf;
				ENABLE_STRICT_OBJC_MSGSEND = YES;
				ENABLE_TESTABILITY = YES;
				GCC_C_LANGUAGE_STANDARD = gnu11;
				GCC_DYNAMIC_NO_PIC = NO;
				GCC_NO_COMMON_BLOCKS = YES;
				GCC_OPTIMIZATION_LEVEL = 0;
				GCC_PREPROCESSOR_DEFINITIONS = (
					"DEBUG=1",
					"$(inherited)",
				);
				GCC_WARN_64_TO_32_BIT_CONVERSION = YES;
				GCC_WARN_ABOUT_RETURN_TYPE = YES_ERROR;
				GCC_WARN_UNDECLARED_SELECTOR = YES;
				GCC_WARN_UNINITIALIZED_AUTOS = YES_AGGRESSIVE;
				GCC_WARN_UNUSED_FUNCTION = YES;
				GCC_WARN_UNUSED_VARIABLE = YES;
				IPHONEOS_DEPLOYMENT_TARGET = 14.0;
				MTL_ENABLE_DEBUG_INFO = INCLUDE_SOURCE;
				MTL_FAST_MATH = YES;
				ONLY_ACTIVE_ARCH = YES;
				SDKROOT = iphoneos;
				SWIFT_ACTIVE_COMPILATION_CONDITIONS = DEBUG;
				SWIFT_OPTIMIZATION_LEVEL = "-Onone";
			};
			name = Debug;
		};
		3BF61AB6250C15C600221BFD /* Release */ = {
			isa = XCBuildConfiguration;
			buildSettings = {
				ALWAYS_SEARCH_USER_PATHS = NO;
				CLANG_ANALYZER_NONNULL = YES;
				CLANG_ANALYZER_NUMBER_OBJECT_CONVERSION = YES_AGGRESSIVE;
				CLANG_CXX_LANGUAGE_STANDARD = "gnu++14";
				CLANG_CXX_LIBRARY = "libc++";
				CLANG_ENABLE_MODULES = YES;
				CLANG_ENABLE_OBJC_ARC = YES;
				CLANG_ENABLE_OBJC_WEAK = YES;
				CLANG_WARN_BLOCK_CAPTURE_AUTORELEASING = YES;
				CLANG_WARN_BOOL_CONVERSION = YES;
				CLANG_WARN_COMMA = YES;
				CLANG_WARN_CONSTANT_CONVERSION = YES;
				CLANG_WARN_DEPRECATED_OBJC_IMPLEMENTATIONS = YES;
				CLANG_WARN_DIRECT_OBJC_ISA_USAGE = YES_ERROR;
				CLANG_WARN_DOCUMENTATION_COMMENTS = YES;
				CLANG_WARN_EMPTY_BODY = YES;
				CLANG_WARN_ENUM_CONVERSION = YES;
				CLANG_WARN_INFINITE_RECURSION = YES;
				CLANG_WARN_INT_CONVERSION = YES;
				CLANG_WARN_NON_LITERAL_NULL_CONVERSION = YES;
				CLANG_WARN_OBJC_IMPLICIT_RETAIN_SELF = YES;
				CLANG_WARN_OBJC_LITERAL_CONVERSION = YES;
				CLANG_WARN_OBJC_ROOT_CLASS = YES_ERROR;
				CLANG_WARN_QUOTED_INCLUDE_IN_FRAMEWORK_HEADER = YES;
				CLANG_WARN_RANGE_LOOP_ANALYSIS = YES;
				CLANG_WARN_STRICT_PROTOTYPES = YES;
				CLANG_WARN_SUSPICIOUS_MOVE = YES;
				CLANG_WARN_UNGUARDED_AVAILABILITY = YES_AGGRESSIVE;
				CLANG_WARN_UNREACHABLE_CODE = YES;
				CLANG_WARN__DUPLICATE_METHOD_MATCH = YES;
				COPY_PHASE_STRIP = NO;
				DEBUG_INFORMATION_FORMAT = "dwarf-with-dsym";
				ENABLE_NS_ASSERTIONS = NO;
				ENABLE_STRICT_OBJC_MSGSEND = YES;
				GCC_C_LANGUAGE_STANDARD = gnu11;
				GCC_NO_COMMON_BLOCKS = YES;
				GCC_WARN_64_TO_32_BIT_CONVERSION = YES;
				GCC_WARN_ABOUT_RETURN_TYPE = YES_ERROR;
				GCC_WARN_UNDECLARED_SELECTOR = YES;
				GCC_WARN_UNINITIALIZED_AUTOS = YES_AGGRESSIVE;
				GCC_WARN_UNUSED_FUNCTION = YES;
				GCC_WARN_UNUSED_VARIABLE = YES;
				IPHONEOS_DEPLOYMENT_TARGET = 14.0;
				MTL_ENABLE_DEBUG_INFO = NO;
				MTL_FAST_MATH = YES;
				SDKROOT = iphoneos;
				SWIFT_COMPILATION_MODE = wholemodule;
				SWIFT_OPTIMIZATION_LEVEL = "-O";
				VALIDATE_PRODUCT = YES;
			};
			name = Release;
		};
		3BF61AB8250C15C600221BFD /* Debug */ = {
			isa = XCBuildConfiguration;
			buildSettings = {
				ASSETCATALOG_COMPILER_APPICON_NAME = AppIcon;
				ASSETCATALOG_COMPILER_GLOBAL_ACCENT_COLOR_NAME = AccentColor;
				CODE_SIGN_STYLE = Automatic;
				DEVELOPMENT_ASSET_PATHS = "\"Smart-Thermostat/Preview Content\"";
				DEVELOPMENT_TEAM = 3S9YUH3JW6;
				ENABLE_PREVIEWS = YES;
				INFOPLIST_FILE = "Smart-Thermostat/Info.plist";
				IPHONEOS_DEPLOYMENT_TARGET = 14.0;
				LD_RUNPATH_SEARCH_PATHS = (
					"$(inherited)",
					"@executable_path/Frameworks",
				);
				PRODUCT_BUNDLE_IDENTIFIER = "com.Esperdyne.Smart-Thermostat";
				PRODUCT_NAME = "$(TARGET_NAME)";
				SWIFT_VERSION = 5.0;
				TARGETED_DEVICE_FAMILY = "1,2";
			};
			name = Debug;
		};
		3BF61AB9250C15C600221BFD /* Release */ = {
			isa = XCBuildConfiguration;
			buildSettings = {
				ASSETCATALOG_COMPILER_APPICON_NAME = AppIcon;
				ASSETCATALOG_COMPILER_GLOBAL_ACCENT_COLOR_NAME = AccentColor;
				CODE_SIGN_STYLE = Automatic;
				DEVELOPMENT_ASSET_PATHS = "\"Smart-Thermostat/Preview Content\"";
				DEVELOPMENT_TEAM = 3S9YUH3JW6;
				ENABLE_PREVIEWS = YES;
				INFOPLIST_FILE = "Smart-Thermostat/Info.plist";
				IPHONEOS_DEPLOYMENT_TARGET = 14.0;
				LD_RUNPATH_SEARCH_PATHS = (
					"$(inherited)",
					"@executable_path/Frameworks",
				);
				PRODUCT_BUNDLE_IDENTIFIER = "com.Esperdyne.Smart-Thermostat";
				PRODUCT_NAME = "$(TARGET_NAME)";
				SWIFT_VERSION = 5.0;
				TARGETED_DEVICE_FAMILY = "1,2";
			};
			name = Release;
		};
		3BF61ABB250C15C600221BFD /* Debug */ = {
			isa = XCBuildConfiguration;
			buildSettings = {
				ALWAYS_EMBED_SWIFT_STANDARD_LIBRARIES = YES;
				BUNDLE_LOADER = "$(TEST_HOST)";
				CODE_SIGN_STYLE = Automatic;
				DEVELOPMENT_TEAM = 3S9YUH3JW6;
				INFOPLIST_FILE = "Smart-ThermostatTests/Info.plist";
				IPHONEOS_DEPLOYMENT_TARGET = 14.0;
				LD_RUNPATH_SEARCH_PATHS = (
					"$(inherited)",
					"@executable_path/Frameworks",
					"@loader_path/Frameworks",
				);
				PRODUCT_BUNDLE_IDENTIFIER = "com.Esperdyne.Smart-ThermostatTests";
				PRODUCT_NAME = "$(TARGET_NAME)";
				SWIFT_VERSION = 5.0;
				TARGETED_DEVICE_FAMILY = "1,2";
				TEST_HOST = "$(BUILT_PRODUCTS_DIR)/Smart-Thermostat.app/Smart-Thermostat";
			};
			name = Debug;
		};
		3BF61ABC250C15C600221BFD /* Release */ = {
			isa = XCBuildConfiguration;
			buildSettings = {
				ALWAYS_EMBED_SWIFT_STANDARD_LIBRARIES = YES;
				BUNDLE_LOADER = "$(TEST_HOST)";
				CODE_SIGN_STYLE = Automatic;
				DEVELOPMENT_TEAM = 3S9YUH3JW6;
				INFOPLIST_FILE = "Smart-ThermostatTests/Info.plist";
				IPHONEOS_DEPLOYMENT_TARGET = 14.0;
				LD_RUNPATH_SEARCH_PATHS = (
					"$(inherited)",
					"@executable_path/Frameworks",
					"@loader_path/Frameworks",
				);
				PRODUCT_BUNDLE_IDENTIFIER = "com.Esperdyne.Smart-ThermostatTests";
				PRODUCT_NAME = "$(TARGET_NAME)";
				SWIFT_VERSION = 5.0;
				TARGETED_DEVICE_FAMILY = "1,2";
				TEST_HOST = "$(BUILT_PRODUCTS_DIR)/Smart-Thermostat.app/Smart-Thermostat";
			};
			name = Release;
		};
		3BF61ABE250C15C600221BFD /* Debug */ = {
			isa = XCBuildConfiguration;
			buildSettings = {
				ALWAYS_EMBED_SWIFT_STANDARD_LIBRARIES = YES;
				CODE_SIGN_STYLE = Automatic;
				DEVELOPMENT_TEAM = 3S9YUH3JW6;
				INFOPLIST_FILE = "Smart-ThermostatUITests/Info.plist";
				LD_RUNPATH_SEARCH_PATHS = (
					"$(inherited)",
					"@executable_path/Frameworks",
					"@loader_path/Frameworks",
				);
				PRODUCT_BUNDLE_IDENTIFIER = "com.Esperdyne.Smart-ThermostatUITests";
				PRODUCT_NAME = "$(TARGET_NAME)";
				SWIFT_VERSION = 5.0;
				TARGETED_DEVICE_FAMILY = "1,2";
				TEST_TARGET_NAME = "Smart-Thermostat";
			};
			name = Debug;
		};
		3BF61ABF250C15C600221BFD /* Release */ = {
			isa = XCBuildConfiguration;
			buildSettings = {
				ALWAYS_EMBED_SWIFT_STANDARD_LIBRARIES = YES;
				CODE_SIGN_STYLE = Automatic;
				DEVELOPMENT_TEAM = 3S9YUH3JW6;
				INFOPLIST_FILE = "Smart-ThermostatUITests/Info.plist";
				LD_RUNPATH_SEARCH_PATHS = (
					"$(inherited)",
					"@executable_path/Frameworks",
					"@loader_path/Frameworks",
				);
				PRODUCT_BUNDLE_IDENTIFIER = "com.Esperdyne.Smart-ThermostatUITests";
				PRODUCT_NAME = "$(TARGET_NAME)";
				SWIFT_VERSION = 5.0;
				TARGETED_DEVICE_FAMILY = "1,2";
				TEST_TARGET_NAME = "Smart-Thermostat";
			};
			name = Release;
		};
/* End XCBuildConfiguration section */

/* Begin XCConfigurationList section */
		3BF61A8D250C15C500221BFD /* Build configuration list for PBXProject "Smart-Thermostat" */ = {
			isa = XCConfigurationList;
			buildConfigurations = (
				3BF61AB5250C15C600221BFD /* Debug */,
				3BF61AB6250C15C600221BFD /* Release */,
			);
			defaultConfigurationIsVisible = 0;
			defaultConfigurationName = Release;
		};
		3BF61AB7250C15C600221BFD /* Build configuration list for PBXNativeTarget "Smart-Thermostat" */ = {
			isa = XCConfigurationList;
			buildConfigurations = (
				3BF61AB8250C15C600221BFD /* Debug */,
				3BF61AB9250C15C600221BFD /* Release */,
			);
			defaultConfigurationIsVisible = 0;
			defaultConfigurationName = Release;
		};
		3BF61ABA250C15C600221BFD /* Build configuration list for PBXNativeTarget "Smart-ThermostatTests" */ = {
			isa = XCConfigurationList;
			buildConfigurations = (
				3BF61ABB250C15C600221BFD /* Debug */,
				3BF61ABC250C15C600221BFD /* Release */,
			);
			defaultConfigurationIsVisible = 0;
			defaultConfigurationName = Release;
		};
		3BF61ABD250C15C600221BFD /* Build configuration list for PBXNativeTarget "Smart-ThermostatUITests" */ = {
			isa = XCConfigurationList;
			buildConfigurations = (
				3BF61ABE250C15C600221BFD /* Debug */,
				3BF61ABF250C15C600221BFD /* Release */,
			);
			defaultConfigurationIsVisible = 0;
			defaultConfigurationName = Release;
		};
/* End XCConfigurationList section */
	};
	rootObject = 3BF61A8A250C15C500221BFD /* Project object */;
}
